
Microsoft Visual Studio Solution File, Format Version 12.00
Project("{FAE04EC0-301F-11D3-BF4B-00C04F79EFBC}") = "RedditImageDownloader", "src\RedditImageDownloader\RedditImageDownloader.csproj", "{0AF501BA-4AB3-45B7-A616-F04D91840F2A}"
EndProject
Project("{2150E333-8FDC-42A3-9474-1A3956D46DE8}") = "src", "src", "{9E43FCD8-72BD-4442-A89E-80E28542F6E9}"
EndProject
Global
	GlobalSection(SolutionConfigurationPlatforms) = preSolution
		Debug|Any CPU = Debug|Any CPU
		Release|Any CPU = Release|Any CPU
	EndGlobalSection
	GlobalSection(ProjectConfigurationPlatforms) = postSolution
		{0AF501BA-4AB3-45B7-A616-F04D91840F2A}.Debug|Any CPU.ActiveCfg = Debug|Any CPU
		{0AF501BA-4AB3-45B7-A616-F04D91840F2A}.Debug|Any CPU.Build.0 = Debug|Any CPU
		{0AF501BA-4AB3-45B7-A616-F04D91840F2A}.Release|Any CPU.ActiveCfg = Release|Any CPU
		{0AF501BA-4AB3-45B7-A616-F04D91840F2A}.Release|Any CPU.Build.0 = Release|Any CPU
	EndGlobalSection
	GlobalSection(NestedProjects) = preSolution
		{0AF501BA-4AB3-45B7-A616-F04D91840F2A} = {9E43FCD8-72BD-4442-A89E-80E28542F6E9}
	EndGlobalSection
EndGlobal
